
Microsoft Visual Studio Solution File, Format Version 12.00
# Visual Studio Version 17
VisualStudioVersion = 17.0.32112.339
MinimumVisualStudioVersion = 10.0.40219.1
Project("{FAE04EC0-301F-11D3-BF4B-00C04F79EFBC}") = "ProxiesGrabber", "ProxiesGrabber\ProxiesGrabber.csproj", "{775291CD-8D3B-4145-897F-FDD97DD35AB3}"
EndProject
Global
	GlobalSection(SolutionConfigurationPlatforms) = preSolution
		Debug|Any CPU = Debug|Any CPU
		Release|Any CPU = Release|Any CPU
	EndGlobalSection
	GlobalSection(ProjectConfigurationPlatforms) = postSolution
		{775291CD-8D3B-4145-897F-FDD97DD35AB3}.Debug|Any CPU.ActiveCfg = Debug|Any CPU
		{775291CD-8D3B-4145-897F-FDD97DD35AB3}.Debug|Any CPU.Build.0 = Debug|Any CPU
		{775291CD-8D3B-4145-897F-FDD97DD35AB3}.Release|Any CPU.ActiveCfg = Release|Any CPU
		{775291CD-8D3B-4145-897F-FDD97DD35AB3}.Release|Any CPU.Build.0 = Release|Any CPU
	EndGlobalSection
	GlobalSection(SolutionProperties) = preSolution
		HideSolutionNode = FALSE
	EndGlobalSection
	GlobalSection(ExtensibilityGlobals) = postSolution
		SolutionGuid = {4BBC80C6-5032-48ED-BD2F-49BD79915E81}
	EndGlobalSection
EndGlobal
